{
  "name": "extract-pdf-by-coordinates",
  "version": "1.0.3",
  "lockfileVersion": 1,
  "requires": true,
  "dependencies": {
    "lodash.inrange": {
      "version": "3.3.6",
      "resolved": "https://registry.npmjs.org/lodash.inrange/-/lodash.inrange-3.3.6.tgz",
      "integrity": "sha1-39/pFfbjDoBWKTcH4jldq4jqEo0="
    },
    "lodash.sortby": {
      "version": "4.7.0",
      "resolved": "https://registry.npmjs.org/lodash.sortby/-/lodash.sortby-4.7.0.tgz",
      "integrity": "sha1-7dFMgk4sycHgsKG0K7UhBRakJDg="
    },
    "pdf.js-extract": {
      "version": "0.1.0",
      "resolved": "https://registry.npmjs.org/pdf.js-extract/-/pdf.js-extract-0.1.0.tgz",
      "integrity": "sha512-v3fCoC4no8mrzf8HP0eKlHFE9CaEiM7F91WRg/NOkIPTVBb+HRororbuEcWwrzP86oe3pEVC6TuDlG/zP/AcKA=="
    }
  }
}
